
Microsoft Visual Studio Solution File, Format Version 11.00
# Visual C# Express 2010
Project("{FAE04EC0-301F-11D3-BF4B-00C04F79EFBC}") = "mp3", "mp3.csproj", "{A73F42B6-4159-4026-8A5B-F95C26C74B41}"
EndProject
Global
	GlobalSection(SolutionConfigurationPlatforms) = preSolution
		Debug|x86 = Debug|x86
		Release|x86 = Release|x86
	EndGlobalSection
	GlobalSection(ProjectConfigurationPlatforms) = postSolution
		{A73F42B6-4159-4026-8A5B-F95C26C74B41}.Debug|x86.ActiveCfg = Debug|x86
		{A73F42B6-4159-4026-8A5B-F95C26C74B41}.Debug|x86.Build.0 = Debug|x86
		{A73F42B6-4159-4026-8A5B-F95C26C74B41}.Release|x86.ActiveCfg = Release|x86
		{A73F42B6-4159-4026-8A5B-F95C26C74B41}.Release|x86.Build.0 = Release|x86
	EndGlobalSection
	GlobalSection(SolutionProperties) = preSolution
		HideSolutionNode = FALSE
	EndGlobalSection
EndGlobal
